Microsoft Visual Studio Solution File, Format Version 12.00
# Visual Studio Version 17
VisualStudioVersion = 17.5.2.0
MinimumVisualStudioVersion = 10.0.40219.1
Project("{FAE04EC0-301F-11D3-BF4B-00C04F79EFBC}") = "Interfaz", "Interfaz.csproj", "{2130D456-9138-6E6E-1697-D7420013FA69}"
EndProject
Global
	GlobalSection(SolutionConfigurationPlatforms) = preSolution
		Debug|Any CPU = Debug|Any CPU
		Release|Any CPU = Release|Any CPU
	EndGlobalSection
	GlobalSection(ProjectConfigurationPlatforms) = postSolution
		{2130D456-9138-6E6E-1697-D7420013FA69}.Debug|Any CPU.ActiveCfg = Debug|Any CPU
		{2130D456-9138-6E6E-1697-D7420013FA69}.Debug|Any CPU.Build.0 = Debug|Any CPU
		{2130D456-9138-6E6E-1697-D7420013FA69}.Release|Any CPU.ActiveCfg = Release|Any CPU
		{2130D456-9138-6E6E-1697-D7420013FA69}.Release|Any CPU.Build.0 = Release|Any CPU
	EndGlobalSection
	GlobalSection(SolutionProperties) = preSolution
		HideSolutionNode = FALSE
	EndGlobalSection
	GlobalSection(ExtensibilityGlobals) = postSolution
		SolutionGuid = {772B0038-4E3A-4C59-BCE8-95C727CBB128}
	EndGlobalSection
EndGlobal
